
Microsoft Visual Studio Solution File, Format Version 12.00
# Visual Studio Version 17
VisualStudioVersion = 17.5.33502.453
MinimumVisualStudioVersion = 10.0.40219.1
Project("{8BC9CEB8-8B4A-11D0-8D11-00A0C91BC942}") = "ConsoleApplication4", "ConsoleApplication4\ConsoleApplication4.vcxproj", "{365F1F34-EA41-4F63-AA3F-2EADD994F334}"
EndProject
Global
	GlobalSection(SolutionConfigurationPlatforms) = preSolution
		Debug|x64 = Debug|x64
		Debug|x86 = Debug|x86
		Release|x64 = Release|x64
		Release|x86 = Release|x86
	EndGlobalSection
	GlobalSection(ProjectConfigurationPlatforms) = postSolution
		{365F1F34-EA41-4F63-AA3F-2EADD994F334}.Debug|x64.ActiveCfg = Debug|x64
		{365F1F34-EA41-4F63-AA3F-2EADD994F334}.Debug|x64.Build.0 = Debug|x64
		{365F1F34-EA41-4F63-AA3F-2EADD994F334}.Debug|x86.ActiveCfg = Debug|Win32
		{365F1F34-EA41-4F63-AA3F-2EADD994F334}.Debug|x86.Build.0 = Debug|Win32
		{365F1F34-EA41-4F63-AA3F-2EADD994F334}.Release|x64.ActiveCfg = Release|x64
		{365F1F34-EA41-4F63-AA3F-2EADD994F334}.Release|x64.Build.0 = Release|x64
		{365F1F34-EA41-4F63-AA3F-2EADD994F334}.Release|x86.ActiveCfg = Release|Win32
		{365F1F34-EA41-4F63-AA3F-2EADD994F334}.Release|x86.Build.0 = Release|Win32
	EndGlobalSection
	GlobalSection(SolutionProperties) = preSolution
		HideSolutionNode = FALSE
	EndGlobalSection
	GlobalSection(ExtensibilityGlobals) = postSolution
		SolutionGuid = {2BDE45DF-B47B-4BE8-B5F9-DCADF97E8E50}
	EndGlobalSection
EndGlobal
